// !$*UTF8*$!
{
	archiveVersion = 1;
	classes = {
	};
	objectVersion = 50;
	objects = {

/* Begin PBXBuildFile section */
		4AE3C75721749D7900E76805 /* AppDelegate.swift in Sources */ = {isa = PBXBuildFile; fileRef = 4AE3C75621749D7900E76805 /* AppDelegate.swift */; };
		4AE3C75921749D7900E76805 /* ViewController.swift in Sources */ = {isa = PBXBuildFile; fileRef = 4AE3C75821749D7900E76805 /* ViewController.swift */; };
		4AE3C75C21749D7900E76805 /* Main.storyboard in Resources */ = {isa = PBXBuildFile; fileRef = 4AE3C75A21749D7900E76805 /* Main.storyboard */; };
		4AE3C75E21749D7A00E76805 /* Assets.xcassets in Resources */ = {isa = PBXBuildFile; fileRef = 4AE3C75D21749D7A00E76805 /* Assets.xcassets */; };
		4AE3C76121749D7A00E76805 /* LaunchScreen.storyboard in Resources */ = {isa = PBXBuildFile; fileRef = 4AE3C75F21749D7A00E76805 /* LaunchScreen.storyboard */; };
		4AE3C76C21749D7A00E76805 /* GL001_rayTests.swift in Sources */ = {isa = PBXBuildFile; fileRef = 4AE3C76B21749D7A00E76805 /* GL001_rayTests.swift */; };
		4AE3C77721749D7A00E76805 /* GL001_rayUITests.swift in Sources */ = {isa = PBXBuildFile; fileRef = 4AE3C77621749D7A00E76805 /* GL001_rayUITests.swift */; };
/* End PBXBuildFile section */

/* Begin PBXContainerItemProxy section */
		4AE3C76821749D7A00E76805 /* PBXContainerItemProxy */ = {
			isa = PBXContainerItemProxy;
			containerPortal = 4AE3C74B21749D7900E76805 /* Project object */;
			proxyType = 1;
			remoteGlobalIDString = 4AE3C75221749D7900E76805;
			remoteInfo = "GL001-ray";
		};
		4AE3C77321749D7A00E76805 /* PBXContainerItemProxy */ = {
			isa = PBXContainerItemProxy;
			containerPortal = 4AE3C74B21749D7900E76805 /* Project object */;
			proxyType = 1;
			remoteGlobalIDString = 4AE3C75221749D7900E76805;
			remoteInfo = "GL001-ray";
		};
/* End PBXContainerItemProxy section */

/* Begin PBXFileReference section */
		4AE3C75321749D7900E76805 /* GL001-ray.app */ = {isa = PBXFileReference; explicitFileType = wrapper.application; includeInIndex = 0; path = "GL001-ray.app"; sourceTree = BUILT_PRODUCTS_DIR; };
		4AE3C75621749D7900E76805 /* AppDelegate.swift */ = {isa = PBXFileReference; lastKnownFileType = sourcecode.swift; path = AppDelegate.swift; sourceTree = "<group>"; };
		4AE3C75821749D7900E76805 /* ViewController.swift */ = {isa = PBXFileReference; lastKnownFileType = sourcecode.swift; path = ViewController.swift; sourceTree = "<group>"; };
		4AE3C75B21749D7900E76805 /* Base */ = {isa = PBXFileReference; lastKnownFileType = file.storyboard; name = Base; path = Base.lproj/Main.storyboard; sourceTree = "<group>"; };
		4AE3C75D21749D7A00E76805 /* Assets.xcassets */ = {isa = PBXFileReference; lastKnownFileType = folder.assetcatalog; path = Assets.xcassets; sourceTree = "<group>"; };
		4AE3C76021749D7A00E76805 /* Base */ = {isa = PBXFileReference; lastKnownFileType = file.storyboard; name = Base; path = Base.lproj/LaunchScreen.storyboard; sourceTree = "<group>"; };
		4AE3C76221749D7A00E76805 /* Info.plist */ = {isa = PBXFileReference; lastKnownFileType = text.plist.xml; path = Info.plist; sourceTree = "<group>"; };
		4AE3C76721749D7A00E76805 /* GL001-rayTests.xctest */ = {isa = PBXFileReference; explicitFileType = wrapper.cfbundle; includeInIndex = 0; path = "GL001-rayTests.xctest"; sourceTree = BUILT_PRODUCTS_DIR; };
		4AE3C76B21749D7A00E76805 /* GL001_rayTests.swift */ = {isa = PBXFileReference; lastKnownFileType = sourcecode.swift; path = GL001_rayTests.swift; sourceTree = "<group>"; };
		4AE3C76D21749D7A00E76805 /* Info.plist */ = {isa = PBXFileReference; lastKnownFileType = text.plist.xml; path = Info.plist; sourceTree = "<group>"; };
		4AE3C77221749D7A00E76805 /* GL001-rayUITests.xctest */ = {isa = PBXFileReference; explicitFileType = wrapper.cfbundle; includeInIndex = 0; path = "GL001-rayUITests.xctest"; sourceTree = BUILT_PRODUCTS_DIR; };
		4AE3C77621749D7A00E76805 /* GL001_rayUITests.swift */ = {isa = PBXFileReference; lastKnownFileType = sourcecode.swift; path = GL001_rayUITests.swift; sourceTree = "<group>"; };
		4AE3C77821749D7A00E76805 /* Info.plist */ = {isa = PBXFileReference; lastKnownFileType = text.plist.xml; path = Info.plist; sourceTree = "<group>"; };
/* End PBXFileReference section */

/* Begin PBXFrameworksBuildPhase section */
		4AE3C75021749D7900E76805 /* Frameworks */ = {
			isa = PBXFrameworksBuildPhase;
			buildActionMask = 2147483647;
			files = (
			);
			runOnlyForDeploymentPostprocessing = 0;
		};
		4AE3C76421749D7A00E76805 /* Frameworks */ = {
			isa = PBXFrameworksBuildPhase;
			buildActionMask = 2147483647;
			files = (
			);
			runOnlyForDeploymentPostprocessing = 0;
		};
		4AE3C76F21749D7A00E76805 /* Frameworks */ = {
			isa = PBXFrameworksBuildPhase;
			buildActionMask = 2147483647;
			files = (
			);
			runOnlyForDeploymentPostprocessing = 0;
		};
/* End PBXFrameworksBuildPhase section */

/* Begin PBXGroup section */
		4AE3C74A21749D7900E76805 = {
			isa = PBXGroup;
			children = (
				4AE3C75521749D7900E76805 /* GL001-ray */,
				4AE3C76A21749D7A00E76805 /* GL001-rayTests */,
				4AE3C77521749D7A00E76805 /* GL001-rayUITests */,
				4AE3C75421749D7900E76805 /* Products */,
			);
			sourceTree = "<group>";
		};
		4AE3C75421749D7900E76805 /* Products */ = {
			isa = PBXGroup;
			children = (
				4AE3C75321749D7900E76805 /* GL001-ray.app */,
				4AE3C76721749D7A00E76805 /* GL001-rayTests.xctest */,
				4AE3C77221749D7A00E76805 /* GL001-rayUITests.xctest */,
			);
			name = Products;
			sourceTree = "<group>";
		};
		4AE3C75521749D7900E76805 /* GL001-ray */ = {
			isa = PBXGroup;
			children = (
				4AE3C75621749D7900E76805 /* AppDelegate.swift */,
				4AE3C75821749D7900E76805 /* ViewController.swift */,
				4AE3C75A21749D7900E76805 /* Main.storyboard */,
				4AE3C75D21749D7A00E76805 /* Assets.xcassets */,
				4AE3C75F21749D7A00E76805 /* LaunchScreen.storyboard */,
				4AE3C76221749D7A00E76805 /* Info.plist */,
			);
			path = "GL001-ray";
			sourceTree = "<group>";
		};
		4AE3C76A21749D7A00E76805 /* GL001-rayTests */ = {
			isa = PBXGroup;
			children = (
				4AE3C76B21749D7A00E76805 /* GL001_rayTests.swift */,
				4AE3C76D21749D7A00E76805 /* Info.plist */,
			);
			path = "GL001-rayTests";
			sourceTree = "<group>";
		};
		4AE3C77521749D7A00E76805 /* GL001-rayUITests */ = {
			isa = PBXGroup;
			children = (
				4AE3C77621749D7A00E76805 /* GL001_rayUITests.swift */,
				4AE3C77821749D7A00E76805 /* Info.plist */,
			);
			path = "GL001-rayUITests";
			sourceTree = "<group>";
		};
/* End PBXGroup section */

/* Begin PBXNativeTarget section */
		4AE3C75221749D7900E76805 /* GL001-ray */ = {
			isa = PBXNativeTarget;
			buildConfigurationList = 4AE3C77B21749D7A00E76805 /* Build configuration list for PBXNativeTarget "GL001-ray" */;
			buildPhases = (
				4AE3C74F21749D7900E76805 /* Sources */,
				4AE3C75021749D7900E76805 /* Frameworks */,
				4AE3C75121749D7900E76805 /* Resources */,
			);
			buildRules = (
			);
			dependencies = (
			);
			name = "GL001-ray";
			productName = "GL001-ray";
			productReference = 4AE3C75321749D7900E76805 /* GL001-ray.app */;
			productType = "com.apple.product-type.application";
		};
		4AE3C76621749D7A00E76805 /* GL001-rayTests */ = {
			isa = PBXNativeTarget;
			buildConfigurationList = 4AE3C77E21749D7A00E76805 /* Build configuration list for PBXNativeTarget "GL001-rayTests" */;
			buildPhases = (
				4AE3C76321749D7A00E76805 /* Sources */,
				4AE3C76421749D7A00E76805 /* Frameworks */,
				4AE3C76521749D7A00E76805 /* Resources */,
			);
			buildRules = (
			);
			dependencies = (
				4AE3C76921749D7A00E76805 /* PBXTargetDependency */,
			);
			name = "GL001-rayTests";
			productName = "GL001-rayTests";
			productReference = 4AE3C76721749D7A00E76805 /* GL001-rayTests.xctest */;
			productType = "com.apple.product-type.bundle.unit-test";
		};
		4AE3C77121749D7A00E76805 /* GL001-rayUITests */ = {
			isa = PBXNativeTarget;
			buildConfigurationList = 4AE3C78121749D7A00E76805 /* Build configuration list for PBXNativeTarget "GL001-rayUITests" */;
			buildPhases = (
				4AE3C76E21749D7A00E76805 /* Sources */,
				4AE3C76F21749D7A00E76805 /* Frameworks */,
				4AE3C77021749D7A00E76805 /* Resources */,
			);
			buildRules = (
			);
			dependencies = (
				4AE3C77421749D7A00E76805 /* PBXTargetDependency */,
			);
			name = "GL001-rayUITests";
			productName = "GL001-rayUITests";
			productReference = 4AE3C77221749D7A00E76805 /* GL001-rayUITests.xctest */;
			productType = "com.apple.product-type.bundle.ui-testing";
		};
/* End PBXNativeTarget section */

/* Begin PBXProject section */
		4AE3C74B21749D7900E76805 /* Project object */ = {
			isa = PBXProject;
			attributes = {
				LastSwiftUpdateCheck = 1000;
				LastUpgradeCheck = 1000;
				ORGANIZATIONNAME = naver;
				TargetAttributes = {
					4AE3C75221749D7900E76805 = {
						CreatedOnToolsVersion = 10.0;
					};
					4AE3C76621749D7A00E76805 = {
						CreatedOnToolsVersion = 10.0;
						TestTargetID = 4AE3C75221749D7900E76805;
					};
					4AE3C77121749D7A00E76805 = {
						CreatedOnToolsVersion = 10.0;
						TestTargetID = 4AE3C75221749D7900E76805;
					};
				};
			};
			buildConfigurationList = 4AE3C74E21749D7900E76805 /* Build configuration list for PBXProject "GL001-ray" */;
			compatibilityVersion = "Xcode 9.3";
			developmentRegion = en;
			hasScannedForEncodings = 0;
			knownRegions = (
				en,
				Base,
			);
			mainGroup = 4AE3C74A21749D7900E76805;
			productRefGroup = 4AE3C75421749D7900E76805 /* Products */;
			projectDirPath = "";
			projectRoot = "";
			targets = (
				4AE3C75221749D7900E76805 /* GL001-ray */,
				4AE3C76621749D7A00E76805 /* GL001-rayTests */,
				4AE3C77121749D7A00E76805 /* GL001-rayUITests */,
			);
		};
/* End PBXProject section */

/* Begin PBXResourcesBuildPhase section */
		4AE3C75121749D7900E76805 /* Resources */ = {
			isa = PBXResourcesBuildPhase;
			buildActionMask = 2147483647;
			files = (
				4AE3C76121749D7A00E76805 /* LaunchScreen.storyboard in Resources */,
				4AE3C75E21749D7A00E76805 /* Assets.xcassets in Resources */,
				4AE3C75C21749D7900E76805 /* Main.storyboard in Resources */,
			);
			runOnlyForDeploymentPostprocessing = 0;
		};
		4AE3C76521749D7A00E76805 /* Resources */ = {
			isa = PBXResourcesBuildPhase;
			buildActionMask = 2147483647;
			files = (
			);
			runOnlyForDeploymentPostprocessing = 0;
		};
		4AE3C77021749D7A00E76805 /* Resources */ = {
			isa = PBXResourcesBuildPhase;
			buildActionMask = 2147483647;
			files = (
			);
			runOnlyForDeploymentPostprocessing = 0;
		};
/* End PBXResourcesBuildPhase section */

/* Begin PBXSourcesBuildPhase section */
		4AE3C74F21749D7900E76805 /* Sources */ = {
			isa = PBXSourcesBuildPhase;
			buildActionMask = 2147483647;
			files = (
				4AE3C75921749D7900E76805 /* ViewController.swift in Sources */,
				4AE3C75721749D7900E76805 /* AppDelegate.swift in Sources */,
			);
			runOnlyForDeploymentPostprocessing = 0;
		};
		4AE3C76321749D7A00E76805 /* Sources */ = {
			isa = PBXSourcesBuildPhase;
			buildActionMask = 2147483647;
			files = (
				4AE3C76C21749D7A00E76805 /* GL001_rayTests.swift in Sources */,
			);
			runOnlyForDeploymentPostprocessing = 0;
		};
		4AE3C76E21749D7A00E76805 /* Sources */ = {
			isa = PBXSourcesBuildPhase;
			buildActionMask = 2147483647;
			files = (
				4AE3C77721749D7A00E76805 /* GL001_rayUITests.swift in Sources */,
			);
			runOnlyForDeploymentPostprocessing = 0;
		};
/* End PBXSourcesBuildPhase section */

/* Begin PBXTargetDependency section */
		4AE3C76921749D7A00E76805 /* PBXTargetDependency */ = {
			isa = PBXTargetDependency;
			target = 4AE3C75221749D7900E76805 /* GL001-ray */;
			targetProxy = 4AE3C76821749D7A00E76805 /* PBXContainerItemProxy */;
		};
		4AE3C77421749D7A00E76805 /* PBXTargetDependency */ = {
			isa = PBXTargetDependency;
			target = 4AE3C75221749D7900E76805 /* GL001-ray */;
			targetProxy = 4AE3C77321749D7A00E76805 /* PBXContainerItemProxy */;
		};
/* End PBXTargetDependency section */

/* Begin PBXVariantGroup section */
		4AE3C75A21749D7900E76805 /* Main.storyboard */ = {
			isa = PBXVariantGroup;
			children = (
				4AE3C75B21749D7900E76805 /* Base */,
			);
			name = Main.storyboard;
			sourceTree = "<group>";
		};
		4AE3C75F21749D7A00E76805 /* LaunchScreen.storyboard */ = {
			isa = PBXVariantGroup;
			children = (
				4AE3C76021749D7A00E76805 /* Base */,
			);
			name = LaunchScreen.storyboard;
			sourceTree = "<group>";
		};
/* End PBXVariantGroup section */

/* Begin XCBuildConfiguration section */
		4AE3C77921749D7A00E76805 /* Debug */ = {
			isa = XCBuildConfiguration;
			buildSettings = {
				ALWAYS_SEARCH_USER_PATHS = NO;
				CLANG_ANALYZER_NONNULL = YES;
				CLANG_ANALYZER_NUMBER_OBJECT_CONVERSION = YES_AGGRESSIVE;
				CLANG_CXX_LANGUAGE_STANDARD = "gnu++14";
				CLANG_CXX_LIBRARY = "libc++";
				CLANG_ENABLE_MODULES = YES;
				CLANG_ENABLE_OBJC_ARC = YES;
				CLANG_ENABLE_OBJC_WEAK = YES;
				CLANG_WARN_BLOCK_CAPTURE_AUTORELEASING = YES;
				CLANG_WARN_BOOL_CONVERSION = YES;
				CLANG_WARN_COMMA = YES;
				CLANG_WARN_CONSTANT_CONVERSION = YES;
				CLANG_WARN_DEPRECATED_OBJC_IMPLEMENTATIONS = YES;
				CLANG_WARN_DIRECT_OBJC_ISA_USAGE = YES_ERROR;
				CLANG_WARN_DOCUMENTATION_COMMENTS = YES;
				CLANG_WARN_EMPTY_BODY = YES;
				CLANG_WARN_ENUM_CONVERSION = YES;
				CLANG_WARN_INFINITE_RECURSION = YES;
				CLANG_WARN_INT_CONVERSION = YES;
				CLANG_WARN_NON_LITERAL_NULL_CONVERSION = YES;
				CLANG_WARN_OBJC_IMPLICIT_RETAIN_SELF = YES;
				CLANG_WARN_OBJC_LITERAL_CONVERSION = YES;
				CLANG_WARN_OBJC_ROOT_CLASS = YES_ERROR;
				CLANG_WARN_RANGE_LOOP_ANALYSIS = YES;
				CLANG_WARN_STRICT_PROTOTYPES = YES;
				CLANG_WARN_SUSPICIOUS_MOVE = YES;
				CLANG_WARN_UNGUARDED_AVAILABILITY = YES_AGGRESSIVE;
				CLANG_WARN_UNREACHABLE_CODE = YES;
				CLANG_WARN__DUPLICATE_METHOD_MATCH = YES;
				CODE_SIGN_IDENTITY = "iPhone Developer";
				COPY_PHASE_STRIP = NO;
				DEBUG_INFORMATION_FORMAT = dwarf;
				ENABLE_STRICT_OBJC_MSGSEND = YES;
				ENABLE_TESTABILITY = YES;
				GCC_C_LANGUAGE_STANDARD = gnu11;
				GCC_DYNAMIC_NO_PIC = NO;
				GCC_NO_COMMON_BLOCKS = YES;
				GCC_OPTIMIZATION_LEVEL = 0;
				GCC_PREPROCESSOR_DEFINITIONS = (
					"DEBUG=1",
					"$(inherited)",
				);
				GCC_WARN_64_TO_32_BIT_CONVERSION = YES;
				GCC_WARN_ABOUT_RETURN_TYPE = YES_ERROR;
				GCC_WARN_UNDECLARED_SELECTOR = YES;
				GCC_WARN_UNINITIALIZED_AUTOS = YES_AGGRESSIVE;
				GCC_WARN_UNUSED_FUNCTION = YES;
				GCC_WARN_UNUSED_VARIABLE = YES;
				IPHONEOS_DEPLOYMENT_TARGET = 12.0;
				MTL_ENABLE_DEBUG_INFO = INCLUDE_SOURCE;
				MTL_FAST_MATH = YES;
				ONLY_ACTIVE_ARCH = YES;
				SDKROOT = iphoneos;
				SWIFT_ACTIVE_COMPILATION_CONDITIONS = DEBUG;
				SWIFT_OPTIMIZATION_LEVEL = "-Onone";
			};
			name = Debug;
		};
		4AE3C77A21749D7A00E76805 /* Release */ = {
			isa = XCBuildConfiguration;
			buildSettings = {
				ALWAYS_SEARCH_USER_PATHS = NO;
				CLANG_ANALYZER_NONNULL = YES;
				CLANG_ANALYZER_NUMBER_OBJECT_CONVERSION = YES_AGGRESSIVE;
				CLANG_CXX_LANGUAGE_STANDARD = "gnu++14";
				CLANG_CXX_LIBRARY = "libc++";
				CLANG_ENABLE_MODULES = YES;
				CLANG_ENABLE_OBJC_ARC = YES;
				CLANG_ENABLE_OBJC_WEAK = YES;
				CLANG_WARN_BLOCK_CAPTURE_AUTORELEASING = YES;
				CLANG_WARN_BOOL_CONVERSION = YES;
				CLANG_WARN_COMMA = YES;
				CLANG_WARN_CONSTANT_CONVERSION = YES;
				CLANG_WARN_DEPRECATED_OBJC_IMPLEMENTATIONS = YES;
				CLANG_WARN_DIRECT_OBJC_ISA_USAGE = YES_ERROR;
				CLANG_WARN_DOCUMENTATION_COMMENTS = YES;
				CLANG_WARN_EMPTY_BODY = YES;
				CLANG_WARN_ENUM_CONVERSION = YES;
				CLANG_WARN_INFINITE_RECURSION = YES;
				CLANG_WARN_INT_CONVERSION = YES;
				CLANG_WARN_NON_LITERAL_NULL_CONVERSION = YES;
				CLANG_WARN_OBJC_IMPLICIT_RETAIN_SELF = YES;
				CLANG_WARN_OBJC_LITERAL_CONVERSION = YES;
				CLANG_WARN_OBJC_ROOT_CLASS = YES_ERROR;
				CLANG_WARN_RANGE_LOOP_ANALYSIS = YES;
				CLANG_WARN_STRICT_PROTOTYPES = YES;
				CLANG_WARN_SUSPICIOUS_MOVE = YES;
				CLANG_WARN_UNGUARDED_AVAILABILITY = YES_AGGRESSIVE;
				CLANG_WARN_UNREACHABLE_CODE = YES;
				CLANG_WARN__DUPLICATE_METHOD_MATCH = YES;
				CODE_SIGN_IDENTITY = "iPhone Developer";
				COPY_PHASE_STRIP = NO;
				DEBUG_INFORMATION_FORMAT = "dwarf-with-dsym";
				ENABLE_NS_ASSERTIONS = NO;
				ENABLE_STRICT_OBJC_MSGSEND = YES;
				GCC_C_LANGUAGE_STANDARD = gnu11;
				GCC_NO_COMMON_BLOCKS = YES;
				GCC_WARN_64_TO_32_BIT_CONVERSION = YES;
				GCC_WARN_ABOUT_RETURN_TYPE = YES_ERROR;
				GCC_WARN_UNDECLARED_SELECTOR = YES;
				GCC_WARN_UNINITIALIZED_AUTOS = YES_AGGRESSIVE;
				GCC_WARN_UNUSED_FUNCTION = YES;
				GCC_WARN_UNUSED_VARIABLE = YES;
				IPHONEOS_DEPLOYMENT_TARGET = 12.0;
				MTL_ENABLE_DEBUG_INFO = NO;
				MTL_FAST_MATH = YES;
				SDKROOT = iphoneos;
				SWIFT_COMPILATION_MODE = wholemodule;
				SWIFT_OPTIMIZATION_LEVEL = "-O";
				VALIDATE_PRODUCT = YES;
			};
			name = Release;
		};
		4AE3C77C21749D7A00E76805 /* Debug */ = {
			isa = XCBuildConfiguration;
			buildSettings = {
				ASSETCATALOG_COMPILER_APPICON_NAME = AppIcon;
				CODE_SIGN_STYLE = Automatic;
				DEVELOPMENT_TEAM = ZB4B6295XZ;
				INFOPLIST_FILE = "GL001-ray/Info.plist";
				LD_RUNPATH_SEARCH_PATHS = (
					"$(inherited)",
					"@executable_path/Frameworks",
				);
				PRODUCT_BUNDLE_IDENTIFIER = shuang.song.GL002;
				PRODUCT_NAME = "$(TARGET_NAME)";
				SWIFT_VERSION = 4.2;
				TARGETED_DEVICE_FAMILY = "1,2";
			};
			name = Debug;
		};
		4AE3C77D21749D7A00E76805 /* Release */ = {
			isa = XCBuildConfiguration;
			buildSettings = {
				ASSETCATALOG_COMPILER_APPICON_NAME = AppIcon;
				CODE_SIGN_STYLE = Automatic;
				DEVELOPMENT_TEAM = ZB4B6295XZ;
				INFOPLIST_FILE = "GL001-ray/Info.plist";
				LD_RUNPATH_SEARCH_PATHS = (
					"$(inherited)",
					"@executable_path/Frameworks",
				);
				PRODUCT_BUNDLE_IDENTIFIER = shuang.song.GL002;
				PRODUCT_NAME = "$(TARGET_NAME)";
				SWIFT_VERSION = 4.2;
				TARGETED_DEVICE_FAMILY = "1,2";
			};
			name = Release;
		};
		4AE3C77F21749D7A00E76805 /* Debug */ = {
			isa = XCBuildConfiguration;
			buildSettings = {
				ALWAYS_EMBED_SWIFT_STANDARD_LIBRARIES = YES;
				BUNDLE_LOADER = "$(TEST_HOST)";
				CODE_SIGN_STYLE = Automatic;
				INFOPLIST_FILE = "GL001-rayTests/Info.plist";
				LD_RUNPATH_SEARCH_PATHS = (
					"$(inherited)",
					"@executable_path/Frameworks",
					"@loader_path/Frameworks",
				);
				PRODUCT_BUNDLE_IDENTIFIER = "shuang.song.GL001-rayTests";
				PRODUCT_NAME = "$(TARGET_NAME)";
				SWIFT_VERSION = 4.2;
				TARGETED_DEVICE_FAMILY = "1,2";
				TEST_HOST = "$(BUILT_PRODUCTS_DIR)/GL001-ray.app/GL001-ray";
			};
			name = Debug;
		};
		4AE3C78021749D7A00E76805 /* Release */ = {
			isa = XCBuildConfiguration;
			buildSettings = {
				ALWAYS_EMBED_SWIFT_STANDARD_LIBRARIES = YES;
				BUNDLE_LOADER = "$(TEST_HOST)";
				CODE_SIGN_STYLE = Automatic;
				INFOPLIST_FILE = "GL001-rayTests/Info.plist";
				LD_RUNPATH_SEARCH_PATHS = (
					"$(inherited)",
					"@executable_path/Frameworks",
					"@loader_path/Frameworks",
				);
				PRODUCT_BUNDLE_IDENTIFIER = "shuang.song.GL001-rayTests";
				PRODUCT_NAME = "$(TARGET_NAME)";
				SWIFT_VERSION = 4.2;
				TARGETED_DEVICE_FAMILY = "1,2";
				TEST_HOST = "$(BUILT_PRODUCTS_DIR)/GL001-ray.app/GL001-ray";
			};
			name = Release;
		};
		4AE3C78221749D7A00E76805 /* Debug */ = {
			isa = XCBuildConfiguration;
			buildSettings = {
				ALWAYS_EMBED_SWIFT_STANDARD_LIBRARIES = YES;
				CODE_SIGN_STYLE = Automatic;
				INFOPLIST_FILE = "GL001-rayUITests/Info.plist";
				LD_RUNPATH_SEARCH_PATHS = (
					"$(inherited)",
					"@executable_path/Frameworks",
					"@loader_path/Frameworks",
				);
				PRODUCT_BUNDLE_IDENTIFIER = "shuang.song.GL001-rayUITests";
				PRODUCT_NAME = "$(TARGET_NAME)";
				SWIFT_VERSION = 4.2;
				TARGETED_DEVICE_FAMILY = "1,2";
				TEST_TARGET_NAME = "GL001-ray";
			};
			name = Debug;
		};
		4AE3C78321749D7A00E76805 /* Release */ = {
			isa = XCBuildConfiguration;
			buildSettings = {
				ALWAYS_EMBED_SWIFT_STANDARD_LIBRARIES = YES;
				CODE_SIGN_STYLE = Automatic;
				INFOPLIST_FILE = "GL001-rayUITests/Info.plist";
				LD_RUNPATH_SEARCH_PATHS = (
					"$(inherited)",
					"@executable_path/Frameworks",
					"@loader_path/Frameworks",
				);
				PRODUCT_BUNDLE_IDENTIFIER = "shuang.song.GL001-rayUITests";
				PRODUCT_NAME = "$(TARGET_NAME)";
				SWIFT_VERSION = 4.2;
				TARGETED_DEVICE_FAMILY = "1,2";
				TEST_TARGET_NAME = "GL001-ray";
			};
			name = Release;
		};
/* End XCBuildConfiguration section */

/* Begin XCConfigurationList section */
		4AE3C74E21749D7900E76805 /* Build configuration list for PBXProject "GL001-ray" */ = {
			isa = XCConfigurationList;
			buildConfigurations = (
				4AE3C77921749D7A00E76805 /* Debug */,
				4AE3C77A21749D7A00E76805 /* Release */,
			);
			defaultConfigurationIsVisible = 0;
			defaultConfigurationName = Release;
		};
		4AE3C77B21749D7A00E76805 /* Build configuration list for PBXNativeTarget "GL001-ray" */ = {
			isa = XCConfigurationList;
			buildConfigurations = (
				4AE3C77C21749D7A00E76805 /* Debug */,
				4AE3C77D21749D7A00E76805 /* Release */,
			);
			defaultConfigurationIsVisible = 0;
			defaultConfigurationName = Release;
		};
		4AE3C77E21749D7A00E76805 /* Build configuration list for PBXNativeTarget "GL001-rayTests" */ = {
			isa = XCConfigurationList;
			buildConfigurations = (
				4AE3C77F21749D7A00E76805 /* Debug */,
				4AE3C78021749D7A00E76805 /* Release */,
			);
			defaultConfigurationIsVisible = 0;
			defaultConfigurationName = Release;
		};
		4AE3C78121749D7A00E76805 /* Build configuration list for PBXNativeTarget "GL001-rayUITests" */ = {
			isa = XCConfigurationList;
			buildConfigurations = (
				4AE3C78221749D7A00E76805 /* Debug */,
				4AE3C78321749D7A00E76805 /* Release */,
			);
			defaultConfigurationIsVisible = 0;
			defaultConfigurationName = Release;
		};
/* End XCConfigurationList section */
	};
	rootObject = 4AE3C74B21749D7900E76805 /* Project object */;
}
