// !$*UTF8*$!
{
	archiveVersion = 1;
	classes = {
	};
	objectVersion = 50;
	objects = {

/* Begin PBXBuildFile section */
		4A2777A921830E8E00E46FDD /* AppDelegate.swift in Sources */ = {isa = PBXBuildFile; fileRef = 4A2777A821830E8E00E46FDD /* AppDelegate.swift */; };
		4A2777AB21830E8E00E46FDD /* ViewController.swift in Sources */ = {isa = PBXBuildFile; fileRef = 4A2777AA21830E8E00E46FDD /* ViewController.swift */; };
		4A2777AE21830E8E00E46FDD /* Main.storyboard in Resources */ = {isa = PBXBuildFile; fileRef = 4A2777AC21830E8E00E46FDD /* Main.storyboard */; };
		4A2777B021830E9000E46FDD /* Assets.xcassets in Resources */ = {isa = PBXBuildFile; fileRef = 4A2777AF21830E9000E46FDD /* Assets.xcassets */; };
		4A2777B321830E9000E46FDD /* LaunchScreen.storyboard in Resources */ = {isa = PBXBuildFile; fileRef = 4A2777B121830E9000E46FDD /* LaunchScreen.storyboard */; };
		4A2777BE21830E9000E46FDD /* GL003_transformationTests.swift in Sources */ = {isa = PBXBuildFile; fileRef = 4A2777BD21830E9000E46FDD /* GL003_transformationTests.swift */; };
		4A2777C921830E9000E46FDD /* GL003_transformationUITests.swift in Sources */ = {isa = PBXBuildFile; fileRef = 4A2777C821830E9000E46FDD /* GL003_transformationUITests.swift */; };
		4A2777D721830E9F00E46FDD /* GLView.swift in Sources */ = {isa = PBXBuildFile; fileRef = 4A2777D621830E9F00E46FDD /* GLView.swift */; };
		4AD880AD21898BB300858ADA /* shaderf.fsh in Resources */ = {isa = PBXBuildFile; fileRef = 4AD880AA21898BB300858ADA /* shaderf.fsh */; };
		4AD880AE21898BB300858ADA /* shaderv.vsh in Resources */ = {isa = PBXBuildFile; fileRef = 4AD880AB21898BB300858ADA /* shaderv.vsh */; };
		4AD880AF21898BB300858ADA /* Shader.swift in Sources */ = {isa = PBXBuildFile; fileRef = 4AD880AC21898BB300858ADA /* Shader.swift */; };
		4AD880B3218AE26E00858ADA /* GLESMath.c in Sources */ = {isa = PBXBuildFile; fileRef = 4AD880B2218AE26E00858ADA /* GLESMath.c */; };
/* End PBXBuildFile section */

/* Begin PBXContainerItemProxy section */
		4A2777BA21830E9000E46FDD /* PBXContainerItemProxy */ = {
			isa = PBXContainerItemProxy;
			containerPortal = 4A27779D21830E8E00E46FDD /* Project object */;
			proxyType = 1;
			remoteGlobalIDString = 4A2777A421830E8E00E46FDD;
			remoteInfo = "GL003-transformation";
		};
		4A2777C521830E9000E46FDD /* PBXContainerItemProxy */ = {
			isa = PBXContainerItemProxy;
			containerPortal = 4A27779D21830E8E00E46FDD /* Project object */;
			proxyType = 1;
			remoteGlobalIDString = 4A2777A421830E8E00E46FDD;
			remoteInfo = "GL003-transformation";
		};
/* End PBXContainerItemProxy section */

/* Begin PBXFileReference section */
		4A2777A521830E8E00E46FDD /* GL003-transformation.app */ = {isa = PBXFileReference; explicitFileType = wrapper.application; includeInIndex = 0; path = "GL003-transformation.app"; sourceTree = BUILT_PRODUCTS_DIR; };
		4A2777A821830E8E00E46FDD /* AppDelegate.swift */ = {isa = PBXFileReference; lastKnownFileType = sourcecode.swift; path = AppDelegate.swift; sourceTree = "<group>"; };
		4A2777AA21830E8E00E46FDD /* ViewController.swift */ = {isa = PBXFileReference; lastKnownFileType = sourcecode.swift; path = ViewController.swift; sourceTree = "<group>"; };
		4A2777AD21830E8E00E46FDD /* Base */ = {isa = PBXFileReference; lastKnownFileType = file.storyboard; name = Base; path = Base.lproj/Main.storyboard; sourceTree = "<group>"; };
		4A2777AF21830E9000E46FDD /* Assets.xcassets */ = {isa = PBXFileReference; lastKnownFileType = folder.assetcatalog; path = Assets.xcassets; sourceTree = "<group>"; };
		4A2777B221830E9000E46FDD /* Base */ = {isa = PBXFileReference; lastKnownFileType = file.storyboard; name = Base; path = Base.lproj/LaunchScreen.storyboard; sourceTree = "<group>"; };
		4A2777B421830E9000E46FDD /* Info.plist */ = {isa = PBXFileReference; lastKnownFileType = text.plist.xml; path = Info.plist; sourceTree = "<group>"; };
		4A2777B921830E9000E46FDD /* GL003-transformationTests.xctest */ = {isa = PBXFileReference; explicitFileType = wrapper.cfbundle; includeInIndex = 0; path = "GL003-transformationTests.xctest"; sourceTree = BUILT_PRODUCTS_DIR; };
		4A2777BD21830E9000E46FDD /* GL003_transformationTests.swift */ = {isa = PBXFileReference; lastKnownFileType = sourcecode.swift; path = GL003_transformationTests.swift; sourceTree = "<group>"; };
		4A2777BF21830E9000E46FDD /* Info.plist */ = {isa = PBXFileReference; lastKnownFileType = text.plist.xml; path = Info.plist; sourceTree = "<group>"; };
		4A2777C421830E9000E46FDD /* GL003-transformationUITests.xctest */ = {isa = PBXFileReference; explicitFileType = wrapper.cfbundle; includeInIndex = 0; path = "GL003-transformationUITests.xctest"; sourceTree = BUILT_PRODUCTS_DIR; };
		4A2777C821830E9000E46FDD /* GL003_transformationUITests.swift */ = {isa = PBXFileReference; lastKnownFileType = sourcecode.swift; path = GL003_transformationUITests.swift; sourceTree = "<group>"; };
		4A2777CA21830E9000E46FDD /* Info.plist */ = {isa = PBXFileReference; lastKnownFileType = text.plist.xml; path = Info.plist; sourceTree = "<group>"; };
		4A2777D621830E9F00E46FDD /* GLView.swift */ = {isa = PBXFileReference; lastKnownFileType = sourcecode.swift; path = GLView.swift; sourceTree = "<group>"; };
		4AD880AA21898BB300858ADA /* shaderf.fsh */ = {isa = PBXFileReference; fileEncoding = 4; lastKnownFileType = sourcecode.glsl; path = shaderf.fsh; sourceTree = "<group>"; };
		4AD880AB21898BB300858ADA /* shaderv.vsh */ = {isa = PBXFileReference; fileEncoding = 4; lastKnownFileType = sourcecode.glsl; path = shaderv.vsh; sourceTree = "<group>"; };
		4AD880AC21898BB300858ADA /* Shader.swift */ = {isa = PBXFileReference; fileEncoding = 4; lastKnownFileType = sourcecode.swift; path = Shader.swift; sourceTree = "<group>"; };
		4AD880B0218AE26E00858ADA /* GL003-transformation-Bridging-Header.h */ = {isa = PBXFileReference; lastKnownFileType = sourcecode.c.h; path = "GL003-transformation-Bridging-Header.h"; sourceTree = "<group>"; };
		4AD880B1218AE26E00858ADA /* GLESMath.h */ = {isa = PBXFileReference; lastKnownFileType = sourcecode.c.h; path = GLESMath.h; sourceTree = "<group>"; };
		4AD880B2218AE26E00858ADA /* GLESMath.c */ = {isa = PBXFileReference; lastKnownFileType = sourcecode.c.c; path = GLESMath.c; sourceTree = "<group>"; };
/* End PBXFileReference section */

/* Begin PBXFrameworksBuildPhase section */
		4A2777A221830E8E00E46FDD /* Frameworks */ = {
			isa = PBXFrameworksBuildPhase;
			buildActionMask = 2147483647;
			files = (
			);
			runOnlyForDeploymentPostprocessing = 0;
		};
		4A2777B621830E9000E46FDD /* Frameworks */ = {
			isa = PBXFrameworksBuildPhase;
			buildActionMask = 2147483647;
			files = (
			);
			runOnlyForDeploymentPostprocessing = 0;
		};
		4A2777C121830E9000E46FDD /* Frameworks */ = {
			isa = PBXFrameworksBuildPhase;
			buildActionMask = 2147483647;
			files = (
			);
			runOnlyForDeploymentPostprocessing = 0;
		};
/* End PBXFrameworksBuildPhase section */

/* Begin PBXGroup section */
		4A27779C21830E8E00E46FDD = {
			isa = PBXGroup;
			children = (
				4A2777A721830E8E00E46FDD /* GL003-transformation */,
				4A2777BC21830E9000E46FDD /* GL003-transformationTests */,
				4A2777C721830E9000E46FDD /* GL003-transformationUITests */,
				4A2777A621830E8E00E46FDD /* Products */,
			);
			sourceTree = "<group>";
		};
		4A2777A621830E8E00E46FDD /* Products */ = {
			isa = PBXGroup;
			children = (
				4A2777A521830E8E00E46FDD /* GL003-transformation.app */,
				4A2777B921830E9000E46FDD /* GL003-transformationTests.xctest */,
				4A2777C421830E9000E46FDD /* GL003-transformationUITests.xctest */,
			);
			name = Products;
			sourceTree = "<group>";
		};
		4A2777A721830E8E00E46FDD /* GL003-transformation */ = {
			isa = PBXGroup;
			children = (
				4A2777A821830E8E00E46FDD /* AppDelegate.swift */,
				4A2777AA21830E8E00E46FDD /* ViewController.swift */,
				4A2777D621830E9F00E46FDD /* GLView.swift */,
				4AD880AC21898BB300858ADA /* Shader.swift */,
				4AD880B1218AE26E00858ADA /* GLESMath.h */,
				4AD880B2218AE26E00858ADA /* GLESMath.c */,
				4AD880AA21898BB300858ADA /* shaderf.fsh */,
				4AD880AB21898BB300858ADA /* shaderv.vsh */,
				4A2777AC21830E8E00E46FDD /* Main.storyboard */,
				4A2777AF21830E9000E46FDD /* Assets.xcassets */,
				4A2777B121830E9000E46FDD /* LaunchScreen.storyboard */,
				4A2777B421830E9000E46FDD /* Info.plist */,
				4AD880B0218AE26E00858ADA /* GL003-transformation-Bridging-Header.h */,
			);
			path = "GL003-transformation";
			sourceTree = "<group>";
		};
		4A2777BC21830E9000E46FDD /* GL003-transformationTests */ = {
			isa = PBXGroup;
			children = (
				4A2777BD21830E9000E46FDD /* GL003_transformationTests.swift */,
				4A2777BF21830E9000E46FDD /* Info.plist */,
			);
			path = "GL003-transformationTests";
			sourceTree = "<group>";
		};
		4A2777C721830E9000E46FDD /* GL003-transformationUITests */ = {
			isa = PBXGroup;
			children = (
				4A2777C821830E9000E46FDD /* GL003_transformationUITests.swift */,
				4A2777CA21830E9000E46FDD /* Info.plist */,
			);
			path = "GL003-transformationUITests";
			sourceTree = "<group>";
		};
/* End PBXGroup section */

/* Begin PBXNativeTarget section */
		4A2777A421830E8E00E46FDD /* GL003-transformation */ = {
			isa = PBXNativeTarget;
			buildConfigurationList = 4A2777CD21830E9000E46FDD /* Build configuration list for PBXNativeTarget "GL003-transformation" */;
			buildPhases = (
				4A2777A121830E8E00E46FDD /* Sources */,
				4A2777A221830E8E00E46FDD /* Frameworks */,
				4A2777A321830E8E00E46FDD /* Resources */,
			);
			buildRules = (
			);
			dependencies = (
			);
			name = "GL003-transformation";
			productName = "GL003-transformation";
			productReference = 4A2777A521830E8E00E46FDD /* GL003-transformation.app */;
			productType = "com.apple.product-type.application";
		};
		4A2777B821830E9000E46FDD /* GL003-transformationTests */ = {
			isa = PBXNativeTarget;
			buildConfigurationList = 4A2777D021830E9000E46FDD /* Build configuration list for PBXNativeTarget "GL003-transformationTests" */;
			buildPhases = (
				4A2777B521830E9000E46FDD /* Sources */,
				4A2777B621830E9000E46FDD /* Frameworks */,
				4A2777B721830E9000E46FDD /* Resources */,
			);
			buildRules = (
			);
			dependencies = (
				4A2777BB21830E9000E46FDD /* PBXTargetDependency */,
			);
			name = "GL003-transformationTests";
			productName = "GL003-transformationTests";
			productReference = 4A2777B921830E9000E46FDD /* GL003-transformationTests.xctest */;
			productType = "com.apple.product-type.bundle.unit-test";
		};
		4A2777C321830E9000E46FDD /* GL003-transformationUITests */ = {
			isa = PBXNativeTarget;
			buildConfigurationList = 4A2777D321830E9000E46FDD /* Build configuration list for PBXNativeTarget "GL003-transformationUITests" */;
			buildPhases = (
				4A2777C021830E9000E46FDD /* Sources */,
				4A2777C121830E9000E46FDD /* Frameworks */,
				4A2777C221830E9000E46FDD /* Resources */,
			);
			buildRules = (
			);
			dependencies = (
				4A2777C621830E9000E46FDD /* PBXTargetDependency */,
			);
			name = "GL003-transformationUITests";
			productName = "GL003-transformationUITests";
			productReference = 4A2777C421830E9000E46FDD /* GL003-transformationUITests.xctest */;
			productType = "com.apple.product-type.bundle.ui-testing";
		};
/* End PBXNativeTarget section */

/* Begin PBXProject section */
		4A27779D21830E8E00E46FDD /* Project object */ = {
			isa = PBXProject;
			attributes = {
				LastSwiftUpdateCheck = 1000;
				LastUpgradeCheck = 1000;
				ORGANIZATIONNAME = naver;
				TargetAttributes = {
					4A2777A421830E8E00E46FDD = {
						CreatedOnToolsVersion = 10.0;
						LastSwiftMigration = 1010;
					};
					4A2777B821830E9000E46FDD = {
						CreatedOnToolsVersion = 10.0;
						TestTargetID = 4A2777A421830E8E00E46FDD;
					};
					4A2777C321830E9000E46FDD = {
						CreatedOnToolsVersion = 10.0;
						TestTargetID = 4A2777A421830E8E00E46FDD;
					};
				};
			};
			buildConfigurationList = 4A2777A021830E8E00E46FDD /* Build configuration list for PBXProject "GL003-transformation" */;
			compatibilityVersion = "Xcode 9.3";
			developmentRegion = en;
			hasScannedForEncodings = 0;
			knownRegions = (
				en,
				Base,
			);
			mainGroup = 4A27779C21830E8E00E46FDD;
			productRefGroup = 4A2777A621830E8E00E46FDD /* Products */;
			projectDirPath = "";
			projectRoot = "";
			targets = (
				4A2777A421830E8E00E46FDD /* GL003-transformation */,
				4A2777B821830E9000E46FDD /* GL003-transformationTests */,
				4A2777C321830E9000E46FDD /* GL003-transformationUITests */,
			);
		};
/* End PBXProject section */

/* Begin PBXResourcesBuildPhase section */
		4A2777A321830E8E00E46FDD /* Resources */ = {
			isa = PBXResourcesBuildPhase;
			buildActionMask = 2147483647;
			files = (
				4AD880AE21898BB300858ADA /* shaderv.vsh in Resources */,
				4A2777B321830E9000E46FDD /* LaunchScreen.storyboard in Resources */,
				4A2777B021830E9000E46FDD /* Assets.xcassets in Resources */,
				4A2777AE21830E8E00E46FDD /* Main.storyboard in Resources */,
				4AD880AD21898BB300858ADA /* shaderf.fsh in Resources */,
			);
			runOnlyForDeploymentPostprocessing = 0;
		};
		4A2777B721830E9000E46FDD /* Resources */ = {
			isa = PBXResourcesBuildPhase;
			buildActionMask = 2147483647;
			files = (
			);
			runOnlyForDeploymentPostprocessing = 0;
		};
		4A2777C221830E9000E46FDD /* Resources */ = {
			isa = PBXResourcesBuildPhase;
			buildActionMask = 2147483647;
			files = (
			);
			runOnlyForDeploymentPostprocessing = 0;
		};
/* End PBXResourcesBuildPhase section */

/* Begin PBXSourcesBuildPhase section */
		4A2777A121830E8E00E46FDD /* Sources */ = {
			isa = PBXSourcesBuildPhase;
			buildActionMask = 2147483647;
			files = (
				4A2777D721830E9F00E46FDD /* GLView.swift in Sources */,
				4A2777AB21830E8E00E46FDD /* ViewController.swift in Sources */,
				4AD880B3218AE26E00858ADA /* GLESMath.c in Sources */,
				4A2777A921830E8E00E46FDD /* AppDelegate.swift in Sources */,
				4AD880AF21898BB300858ADA /* Shader.swift in Sources */,
			);
			runOnlyForDeploymentPostprocessing = 0;
		};
		4A2777B521830E9000E46FDD /* Sources */ = {
			isa = PBXSourcesBuildPhase;
			buildActionMask = 2147483647;
			files = (
				4A2777BE21830E9000E46FDD /* GL003_transformationTests.swift in Sources */,
			);
			runOnlyForDeploymentPostprocessing = 0;
		};
		4A2777C021830E9000E46FDD /* Sources */ = {
			isa = PBXSourcesBuildPhase;
			buildActionMask = 2147483647;
			files = (
				4A2777C921830E9000E46FDD /* GL003_transformationUITests.swift in Sources */,
			);
			runOnlyForDeploymentPostprocessing = 0;
		};
/* End PBXSourcesBuildPhase section */

/* Begin PBXTargetDependency section */
		4A2777BB21830E9000E46FDD /* PBXTargetDependency */ = {
			isa = PBXTargetDependency;
			target = 4A2777A421830E8E00E46FDD /* GL003-transformation */;
			targetProxy = 4A2777BA21830E9000E46FDD /* PBXContainerItemProxy */;
		};
		4A2777C621830E9000E46FDD /* PBXTargetDependency */ = {
			isa = PBXTargetDependency;
			target = 4A2777A421830E8E00E46FDD /* GL003-transformation */;
			targetProxy = 4A2777C521830E9000E46FDD /* PBXContainerItemProxy */;
		};
/* End PBXTargetDependency section */

/* Begin PBXVariantGroup section */
		4A2777AC21830E8E00E46FDD /* Main.storyboard */ = {
			isa = PBXVariantGroup;
			children = (
				4A2777AD21830E8E00E46FDD /* Base */,
			);
			name = Main.storyboard;
			sourceTree = "<group>";
		};
		4A2777B121830E9000E46FDD /* LaunchScreen.storyboard */ = {
			isa = PBXVariantGroup;
			children = (
				4A2777B221830E9000E46FDD /* Base */,
			);
			name = LaunchScreen.storyboard;
			sourceTree = "<group>";
		};
/* End PBXVariantGroup section */

/* Begin XCBuildConfiguration section */
		4A2777CB21830E9000E46FDD /* Debug */ = {
			isa = XCBuildConfiguration;
			buildSettings = {
				ALWAYS_SEARCH_USER_PATHS = NO;
				CLANG_ANALYZER_NONNULL = YES;
				CLANG_ANALYZER_NUMBER_OBJECT_CONVERSION = YES_AGGRESSIVE;
				CLANG_CXX_LANGUAGE_STANDARD = "gnu++14";
				CLANG_CXX_LIBRARY = "libc++";
				CLANG_ENABLE_MODULES = YES;
				CLANG_ENABLE_OBJC_ARC = YES;
				CLANG_ENABLE_OBJC_WEAK = YES;
				CLANG_WARN_BLOCK_CAPTURE_AUTORELEASING = YES;
				CLANG_WARN_BOOL_CONVERSION = YES;
				CLANG_WARN_COMMA = YES;
				CLANG_WARN_CONSTANT_CONVERSION = YES;
				CLANG_WARN_DEPRECATED_OBJC_IMPLEMENTATIONS = YES;
				CLANG_WARN_DIRECT_OBJC_ISA_USAGE = YES_ERROR;
				CLANG_WARN_DOCUMENTATION_COMMENTS = YES;
				CLANG_WARN_EMPTY_BODY = YES;
				CLANG_WARN_ENUM_CONVERSION = YES;
				CLANG_WARN_INFINITE_RECURSION = YES;
				CLANG_WARN_INT_CONVERSION = YES;
				CLANG_WARN_NON_LITERAL_NULL_CONVERSION = YES;
				CLANG_WARN_OBJC_IMPLICIT_RETAIN_SELF = YES;
				CLANG_WARN_OBJC_LITERAL_CONVERSION = YES;
				CLANG_WARN_OBJC_ROOT_CLASS = YES_ERROR;
				CLANG_WARN_RANGE_LOOP_ANALYSIS = YES;
				CLANG_WARN_STRICT_PROTOTYPES = YES;
				CLANG_WARN_SUSPICIOUS_MOVE = YES;
				CLANG_WARN_UNGUARDED_AVAILABILITY = YES_AGGRESSIVE;
				CLANG_WARN_UNREACHABLE_CODE = YES;
				CLANG_WARN__DUPLICATE_METHOD_MATCH = YES;
				CODE_SIGN_IDENTITY = "iPhone Developer";
				COPY_PHASE_STRIP = NO;
				DEBUG_INFORMATION_FORMAT = dwarf;
				ENABLE_STRICT_OBJC_MSGSEND = YES;
				ENABLE_TESTABILITY = YES;
				GCC_C_LANGUAGE_STANDARD = gnu11;
				GCC_DYNAMIC_NO_PIC = NO;
				GCC_NO_COMMON_BLOCKS = YES;
				GCC_OPTIMIZATION_LEVEL = 0;
				GCC_PREPROCESSOR_DEFINITIONS = (
					"DEBUG=1",
					"$(inherited)",
				);
				GCC_WARN_64_TO_32_BIT_CONVERSION = YES;
				GCC_WARN_ABOUT_RETURN_TYPE = YES_ERROR;
				GCC_WARN_UNDECLARED_SELECTOR = YES;
				GCC_WARN_UNINITIALIZED_AUTOS = YES_AGGRESSIVE;
				GCC_WARN_UNUSED_FUNCTION = YES;
				GCC_WARN_UNUSED_VARIABLE = YES;
				IPHONEOS_DEPLOYMENT_TARGET = 12.0;
				MTL_ENABLE_DEBUG_INFO = INCLUDE_SOURCE;
				MTL_FAST_MATH = YES;
				ONLY_ACTIVE_ARCH = YES;
				SDKROOT = iphoneos;
				SWIFT_ACTIVE_COMPILATION_CONDITIONS = DEBUG;
				SWIFT_OPTIMIZATION_LEVEL = "-Onone";
			};
			name = Debug;
		};
		4A2777CC21830E9000E46FDD /* Release */ = {
			isa = XCBuildConfiguration;
			buildSettings = {
				ALWAYS_SEARCH_USER_PATHS = NO;
				CLANG_ANALYZER_NONNULL = YES;
				CLANG_ANALYZER_NUMBER_OBJECT_CONVERSION = YES_AGGRESSIVE;
				CLANG_CXX_LANGUAGE_STANDARD = "gnu++14";
				CLANG_CXX_LIBRARY = "libc++";
				CLANG_ENABLE_MODULES = YES;
				CLANG_ENABLE_OBJC_ARC = YES;
				CLANG_ENABLE_OBJC_WEAK = YES;
				CLANG_WARN_BLOCK_CAPTURE_AUTORELEASING = YES;
				CLANG_WARN_BOOL_CONVERSION = YES;
				CLANG_WARN_COMMA = YES;
				CLANG_WARN_CONSTANT_CONVERSION = YES;
				CLANG_WARN_DEPRECATED_OBJC_IMPLEMENTATIONS = YES;
				CLANG_WARN_DIRECT_OBJC_ISA_USAGE = YES_ERROR;
				CLANG_WARN_DOCUMENTATION_COMMENTS = YES;
				CLANG_WARN_EMPTY_BODY = YES;
				CLANG_WARN_ENUM_CONVERSION = YES;
				CLANG_WARN_INFINITE_RECURSION = YES;
				CLANG_WARN_INT_CONVERSION = YES;
				CLANG_WARN_NON_LITERAL_NULL_CONVERSION = YES;
				CLANG_WARN_OBJC_IMPLICIT_RETAIN_SELF = YES;
				CLANG_WARN_OBJC_LITERAL_CONVERSION = YES;
				CLANG_WARN_OBJC_ROOT_CLASS = YES_ERROR;
				CLANG_WARN_RANGE_LOOP_ANALYSIS = YES;
				CLANG_WARN_STRICT_PROTOTYPES = YES;
				CLANG_WARN_SUSPICIOUS_MOVE = YES;
				CLANG_WARN_UNGUARDED_AVAILABILITY = YES_AGGRESSIVE;
				CLANG_WARN_UNREACHABLE_CODE = YES;
				CLANG_WARN__DUPLICATE_METHOD_MATCH = YES;
				CODE_SIGN_IDENTITY = "iPhone Developer";
				COPY_PHASE_STRIP = NO;
				DEBUG_INFORMATION_FORMAT = "dwarf-with-dsym";
				ENABLE_NS_ASSERTIONS = NO;
				ENABLE_STRICT_OBJC_MSGSEND = YES;
				GCC_C_LANGUAGE_STANDARD = gnu11;
				GCC_NO_COMMON_BLOCKS = YES;
				GCC_WARN_64_TO_32_BIT_CONVERSION = YES;
				GCC_WARN_ABOUT_RETURN_TYPE = YES_ERROR;
				GCC_WARN_UNDECLARED_SELECTOR = YES;
				GCC_WARN_UNINITIALIZED_AUTOS = YES_AGGRESSIVE;
				GCC_WARN_UNUSED_FUNCTION = YES;
				GCC_WARN_UNUSED_VARIABLE = YES;
				IPHONEOS_DEPLOYMENT_TARGET = 12.0;
				MTL_ENABLE_DEBUG_INFO = NO;
				MTL_FAST_MATH = YES;
				SDKROOT = iphoneos;
				SWIFT_COMPILATION_MODE = wholemodule;
				SWIFT_OPTIMIZATION_LEVEL = "-O";
				VALIDATE_PRODUCT = YES;
			};
			name = Release;
		};
		4A2777CE21830E9000E46FDD /* Debug */ = {
			isa = XCBuildConfiguration;
			buildSettings = {
				ASSETCATALOG_COMPILER_APPICON_NAME = AppIcon;
				CLANG_ENABLE_MODULES = YES;
				CODE_SIGN_STYLE = Automatic;
				DEVELOPMENT_TEAM = ZB4B6295XZ;
				INFOPLIST_FILE = "GL003-transformation/Info.plist";
				LD_RUNPATH_SEARCH_PATHS = (
					"$(inherited)",
					"@executable_path/Frameworks",
				);
				PRODUCT_BUNDLE_IDENTIFIER = "shuang.song.GL003-transformation";
				PRODUCT_NAME = "$(TARGET_NAME)";
				SWIFT_OBJC_BRIDGING_HEADER = "GL003-transformation/GL003-transformation-Bridging-Header.h";
				SWIFT_OPTIMIZATION_LEVEL = "-Onone";
				SWIFT_VERSION = 4.2;
				TARGETED_DEVICE_FAMILY = "1,2";
			};
			name = Debug;
		};
		4A2777CF21830E9000E46FDD /* Release */ = {
			isa = XCBuildConfiguration;
			buildSettings = {
				ASSETCATALOG_COMPILER_APPICON_NAME = AppIcon;
				CLANG_ENABLE_MODULES = YES;
				CODE_SIGN_STYLE = Automatic;
				DEVELOPMENT_TEAM = ZB4B6295XZ;
				INFOPLIST_FILE = "GL003-transformation/Info.plist";
				LD_RUNPATH_SEARCH_PATHS = (
					"$(inherited)",
					"@executable_path/Frameworks",
				);
				PRODUCT_BUNDLE_IDENTIFIER = "shuang.song.GL003-transformation";
				PRODUCT_NAME = "$(TARGET_NAME)";
				SWIFT_OBJC_BRIDGING_HEADER = "GL003-transformation/GL003-transformation-Bridging-Header.h";
				SWIFT_VERSION = 4.2;
				TARGETED_DEVICE_FAMILY = "1,2";
			};
			name = Release;
		};
		4A2777D121830E9000E46FDD /* Debug */ = {
			isa = XCBuildConfiguration;
			buildSettings = {
				ALWAYS_EMBED_SWIFT_STANDARD_LIBRARIES = YES;
				BUNDLE_LOADER = "$(TEST_HOST)";
				CODE_SIGN_STYLE = Automatic;
				DEVELOPMENT_TEAM = ZB4B6295XZ;
				INFOPLIST_FILE = "GL003-transformationTests/Info.plist";
				LD_RUNPATH_SEARCH_PATHS = (
					"$(inherited)",
					"@executable_path/Frameworks",
					"@loader_path/Frameworks",
				);
				PRODUCT_BUNDLE_IDENTIFIER = "shuang.song.GL003-transformationTests";
				PRODUCT_NAME = "$(TARGET_NAME)";
				SWIFT_VERSION = 4.2;
				TARGETED_DEVICE_FAMILY = "1,2";
				TEST_HOST = "$(BUILT_PRODUCTS_DIR)/GL003-transformation.app/GL003-transformation";
			};
			name = Debug;
		};
		4A2777D221830E9000E46FDD /* Release */ = {
			isa = XCBuildConfiguration;
			buildSettings = {
				ALWAYS_EMBED_SWIFT_STANDARD_LIBRARIES = YES;
				BUNDLE_LOADER = "$(TEST_HOST)";
				CODE_SIGN_STYLE = Automatic;
				DEVELOPMENT_TEAM = ZB4B6295XZ;
				INFOPLIST_FILE = "GL003-transformationTests/Info.plist";
				LD_RUNPATH_SEARCH_PATHS = (
					"$(inherited)",
					"@executable_path/Frameworks",
					"@loader_path/Frameworks",
				);
				PRODUCT_BUNDLE_IDENTIFIER = "shuang.song.GL003-transformationTests";
				PRODUCT_NAME = "$(TARGET_NAME)";
				SWIFT_VERSION = 4.2;
				TARGETED_DEVICE_FAMILY = "1,2";
				TEST_HOST = "$(BUILT_PRODUCTS_DIR)/GL003-transformation.app/GL003-transformation";
			};
			name = Release;
		};
		4A2777D421830E9000E46FDD /* Debug */ = {
			isa = XCBuildConfiguration;
			buildSettings = {
				ALWAYS_EMBED_SWIFT_STANDARD_LIBRARIES = YES;
				CODE_SIGN_STYLE = Automatic;
				DEVELOPMENT_TEAM = ZB4B6295XZ;
				INFOPLIST_FILE = "GL003-transformationUITests/Info.plist";
				LD_RUNPATH_SEARCH_PATHS = (
					"$(inherited)",
					"@executable_path/Frameworks",
					"@loader_path/Frameworks",
				);
				PRODUCT_BUNDLE_IDENTIFIER = "shuang.song.GL003-transformationUITests";
				PRODUCT_NAME = "$(TARGET_NAME)";
				SWIFT_VERSION = 4.2;
				TARGETED_DEVICE_FAMILY = "1,2";
				TEST_TARGET_NAME = "GL003-transformation";
			};
			name = Debug;
		};
		4A2777D521830E9000E46FDD /* Release */ = {
			isa = XCBuildConfiguration;
			buildSettings = {
				ALWAYS_EMBED_SWIFT_STANDARD_LIBRARIES = YES;
				CODE_SIGN_STYLE = Automatic;
				DEVELOPMENT_TEAM = ZB4B6295XZ;
				INFOPLIST_FILE = "GL003-transformationUITests/Info.plist";
				LD_RUNPATH_SEARCH_PATHS = (
					"$(inherited)",
					"@executable_path/Frameworks",
					"@loader_path/Frameworks",
				);
				PRODUCT_BUNDLE_IDENTIFIER = "shuang.song.GL003-transformationUITests";
				PRODUCT_NAME = "$(TARGET_NAME)";
				SWIFT_VERSION = 4.2;
				TARGETED_DEVICE_FAMILY = "1,2";
				TEST_TARGET_NAME = "GL003-transformation";
			};
			name = Release;
		};
/* End XCBuildConfiguration section */

/* Begin XCConfigurationList section */
		4A2777A021830E8E00E46FDD /* Build configuration list for PBXProject "GL003-transformation" */ = {
			isa = XCConfigurationList;
			buildConfigurations = (
				4A2777CB21830E9000E46FDD /* Debug */,
				4A2777CC21830E9000E46FDD /* Release */,
			);
			defaultConfigurationIsVisible = 0;
			defaultConfigurationName = Release;
		};
		4A2777CD21830E9000E46FDD /* Build configuration list for PBXNativeTarget "GL003-transformation" */ = {
			isa = XCConfigurationList;
			buildConfigurations = (
				4A2777CE21830E9000E46FDD /* Debug */,
				4A2777CF21830E9000E46FDD /* Release */,
			);
			defaultConfigurationIsVisible = 0;
			defaultConfigurationName = Release;
		};
		4A2777D021830E9000E46FDD /* Build configuration list for PBXNativeTarget "GL003-transformationTests" */ = {
			isa = XCConfigurationList;
			buildConfigurations = (
				4A2777D121830E9000E46FDD /* Debug */,
				4A2777D221830E9000E46FDD /* Release */,
			);
			defaultConfigurationIsVisible = 0;
			defaultConfigurationName = Release;
		};
		4A2777D321830E9000E46FDD /* Build configuration list for PBXNativeTarget "GL003-transformationUITests" */ = {
			isa = XCConfigurationList;
			buildConfigurations = (
				4A2777D421830E9000E46FDD /* Debug */,
				4A2777D521830E9000E46FDD /* Release */,
			);
			defaultConfigurationIsVisible = 0;
			defaultConfigurationName = Release;
		};
/* End XCConfigurationList section */
	};
	rootObject = 4A27779D21830E8E00E46FDD /* Project object */;
}
